
Microsoft Visual Studio Solution File, Format Version 12.00
# Visual Studio 14
VisualStudioVersion = 14.0.25420.1
MinimumVisualStudioVersion = 10.0.40219.1
Project("{FAE04EC0-301F-11D3-BF4B-00C04F79EFBC}") = "VehicleTransfer", "VehicleTransfer\VehicleTransfer.csproj", "{BCF29EC5-B9CB-4CA3-B324-9F1ADB61A1C5}"
EndProject
Project("{FAE04EC0-301F-11D3-BF4B-00C04F79EFBC}") = "VehicleTransfer.Tests", "VehicleTransfer.Tests\VehicleTransfer.Tests.csproj", "{55BDB1DB-6015-4CF3-8BD6-461711F59209}"
EndProject
Global
	GlobalSection(SolutionConfigurationPlatforms) = preSolution
		Debug|Any CPU = Debug|Any CPU
		Release|Any CPU = Release|Any CPU
	EndGlobalSection
	GlobalSection(ProjectConfigurationPlatforms) = postSolution
		{BCF29EC5-B9CB-4CA3-B324-9F1ADB61A1C5}.Debug|Any CPU.ActiveCfg = Debug|Any CPU
		{BCF29EC5-B9CB-4CA3-B324-9F1ADB61A1C5}.Debug|Any CPU.Build.0 = Debug|Any CPU
		{BCF29EC5-B9CB-4CA3-B324-9F1ADB61A1C5}.Release|Any CPU.ActiveCfg = Release|Any CPU
		{BCF29EC5-B9CB-4CA3-B324-9F1ADB61A1C5}.Release|Any CPU.Build.0 = Release|Any CPU
		{55BDB1DB-6015-4CF3-8BD6-461711F59209}.Debug|Any CPU.ActiveCfg = Debug|Any CPU
		{55BDB1DB-6015-4CF3-8BD6-461711F59209}.Debug|Any CPU.Build.0 = Debug|Any CPU
		{55BDB1DB-6015-4CF3-8BD6-461711F59209}.Release|Any CPU.ActiveCfg = Release|Any CPU
		{55BDB1DB-6015-4CF3-8BD6-461711F59209}.Release|Any CPU.Build.0 = Release|Any CPU
	EndGlobalSection
	GlobalSection(SolutionProperties) = preSolution
		HideSolutionNode = FALSE
	EndGlobalSection
EndGlobal
